
Microsoft Visual Studio Solution File, Format Version 12.00
# Visual Studio 14
VisualStudioVersion = 14.0.25123.0
MinimumVisualStudioVersion = 10.0.40219.1
Project("{FAE04EC0-301F-11D3-BF4B-00C04F79EFBC}") = "SRV2", "SRV1\SRV2.csproj", "{19A41C1F-E2E8-4A1F-B100-172810A39D6F}"
EndProject
Project("{FAE04EC0-301F-11D3-BF4B-00C04F79EFBC}") = "Client2", "Client1\Client2.csproj", "{0C6BE279-CC04-467C-8D13-91478DFD1CDA}"
EndProject
Project("{FAE04EC0-301F-11D3-BF4B-00C04F79EFBC}") = "Common", "Common\Common.csproj", "{91C4216C-F5C3-4FD6-B5D1-200B13645748}"
EndProject
Global
	GlobalSection(SolutionConfigurationPlatforms) = preSolution
		Debug|Any CPU = Debug|Any CPU
		Release|Any CPU = Release|Any CPU
	EndGlobalSection
	GlobalSection(ProjectConfigurationPlatforms) = postSolution
		{19A41C1F-E2E8-4A1F-B100-172810A39D6F}.Debug|Any CPU.ActiveCfg = Debug|Any CPU
		{19A41C1F-E2E8-4A1F-B100-172810A39D6F}.Debug|Any CPU.Build.0 = Debug|Any CPU
		{19A41C1F-E2E8-4A1F-B100-172810A39D6F}.Release|Any CPU.ActiveCfg = Release|Any CPU
		{19A41C1F-E2E8-4A1F-B100-172810A39D6F}.Release|Any CPU.Build.0 = Release|Any CPU
		{0C6BE279-CC04-467C-8D13-91478DFD1CDA}.Debug|Any CPU.ActiveCfg = Debug|Any CPU
		{0C6BE279-CC04-467C-8D13-91478DFD1CDA}.Debug|Any CPU.Build.0 = Debug|Any CPU
		{0C6BE279-CC04-467C-8D13-91478DFD1CDA}.Release|Any CPU.ActiveCfg = Release|Any CPU
		{0C6BE279-CC04-467C-8D13-91478DFD1CDA}.Release|Any CPU.Build.0 = Release|Any CPU
		{91C4216C-F5C3-4FD6-B5D1-200B13645748}.Debug|Any CPU.ActiveCfg = Debug|Any CPU
		{91C4216C-F5C3-4FD6-B5D1-200B13645748}.Debug|Any CPU.Build.0 = Debug|Any CPU
		{91C4216C-F5C3-4FD6-B5D1-200B13645748}.Release|Any CPU.ActiveCfg = Release|Any CPU
		{91C4216C-F5C3-4FD6-B5D1-200B13645748}.Release|Any CPU.Build.0 = Release|Any CPU
	EndGlobalSection
	GlobalSection(SolutionProperties) = preSolution
		HideSolutionNode = FALSE
	EndGlobalSection
EndGlobal
