
Microsoft Visual Studio Solution File, Format Version 12.00
# Visual Studio 14
VisualStudioVersion = 14.0.25420.1
MinimumVisualStudioVersion = 10.0.40219.1
Project("{FAE04EC0-301F-11D3-BF4B-00C04F79EFBC}") = "SRV1", "SRV1\SRV1.csproj", "{19A41C1F-E2E8-4A1F-B100-172810A39D6F}"
EndProject
Project("{FAE04EC0-301F-11D3-BF4B-00C04F79EFBC}") = "Client1", "Client1\Client1.csproj", "{0C6BE279-CC04-467C-8D13-91478DFD1CDA}"
EndProject
Project("{FAE04EC0-301F-11D3-BF4B-00C04F79EFBC}") = "Common", "Common\Common.csproj", "{91C4216C-F5C3-4FD6-B5D1-200B13645748}"
EndProject
Project("{2150E333-8FDC-42A3-9474-1A3956D46DE8}") = "Test", "Test", "{39404839-2455-4F8D-9C40-F8C9833321BD}"
EndProject
Project("{FAE04EC0-301F-11D3-BF4B-00C04F79EFBC}") = "CommonTest", "CommonTest\CommonTest.csproj", "{CD942E16-41EC-4DCE-80AF-FD5B02686856}"
EndProject
Project("{FAE04EC0-301F-11D3-BF4B-00C04F79EFBC}") = "SRV1Test", "SRV1Test\SRV1Test.csproj", "{EF9BB010-510B-4B1D-980B-09200070144E}"
EndProject
Project("{FAE04EC0-301F-11D3-BF4B-00C04F79EFBC}") = "Client1Test", "Client1Test\Client1Test.csproj", "{8BE945DF-726A-4198-BC6E-FB0130D0DF86}"
EndProject
Project("{FAE04EC0-301F-11D3-BF4B-00C04F79EFBC}") = "BDD", "BDD\BDD.csproj", "{2C7D7FDF-E317-4CE5-B470-D64885461741}"
EndProject
Global
	GlobalSection(SolutionConfigurationPlatforms) = preSolution
		Debug|Any CPU = Debug|Any CPU
		Release|Any CPU = Release|Any CPU
	EndGlobalSection
	GlobalSection(ProjectConfigurationPlatforms) = postSolution
		{19A41C1F-E2E8-4A1F-B100-172810A39D6F}.Debug|Any CPU.ActiveCfg = Debug|Any CPU
		{19A41C1F-E2E8-4A1F-B100-172810A39D6F}.Debug|Any CPU.Build.0 = Debug|Any CPU
		{19A41C1F-E2E8-4A1F-B100-172810A39D6F}.Release|Any CPU.ActiveCfg = Release|Any CPU
		{19A41C1F-E2E8-4A1F-B100-172810A39D6F}.Release|Any CPU.Build.0 = Release|Any CPU
		{0C6BE279-CC04-467C-8D13-91478DFD1CDA}.Debug|Any CPU.ActiveCfg = Debug|Any CPU
		{0C6BE279-CC04-467C-8D13-91478DFD1CDA}.Debug|Any CPU.Build.0 = Debug|Any CPU
		{0C6BE279-CC04-467C-8D13-91478DFD1CDA}.Release|Any CPU.ActiveCfg = Release|Any CPU
		{0C6BE279-CC04-467C-8D13-91478DFD1CDA}.Release|Any CPU.Build.0 = Release|Any CPU
		{91C4216C-F5C3-4FD6-B5D1-200B13645748}.Debug|Any CPU.ActiveCfg = Debug|Any CPU
		{91C4216C-F5C3-4FD6-B5D1-200B13645748}.Debug|Any CPU.Build.0 = Debug|Any CPU
		{91C4216C-F5C3-4FD6-B5D1-200B13645748}.Release|Any CPU.ActiveCfg = Release|Any CPU
		{91C4216C-F5C3-4FD6-B5D1-200B13645748}.Release|Any CPU.Build.0 = Release|Any CPU
		{CD942E16-41EC-4DCE-80AF-FD5B02686856}.Debug|Any CPU.ActiveCfg = Debug|Any CPU
		{CD942E16-41EC-4DCE-80AF-FD5B02686856}.Debug|Any CPU.Build.0 = Debug|Any CPU
		{CD942E16-41EC-4DCE-80AF-FD5B02686856}.Release|Any CPU.ActiveCfg = Release|Any CPU
		{CD942E16-41EC-4DCE-80AF-FD5B02686856}.Release|Any CPU.Build.0 = Release|Any CPU
		{EF9BB010-510B-4B1D-980B-09200070144E}.Debug|Any CPU.ActiveCfg = Debug|Any CPU
		{EF9BB010-510B-4B1D-980B-09200070144E}.Debug|Any CPU.Build.0 = Debug|Any CPU
		{EF9BB010-510B-4B1D-980B-09200070144E}.Release|Any CPU.ActiveCfg = Release|Any CPU
		{EF9BB010-510B-4B1D-980B-09200070144E}.Release|Any CPU.Build.0 = Release|Any CPU
		{8BE945DF-726A-4198-BC6E-FB0130D0DF86}.Debug|Any CPU.ActiveCfg = Debug|Any CPU
		{8BE945DF-726A-4198-BC6E-FB0130D0DF86}.Debug|Any CPU.Build.0 = Debug|Any CPU
		{8BE945DF-726A-4198-BC6E-FB0130D0DF86}.Release|Any CPU.ActiveCfg = Release|Any CPU
		{8BE945DF-726A-4198-BC6E-FB0130D0DF86}.Release|Any CPU.Build.0 = Release|Any CPU
		{2C7D7FDF-E317-4CE5-B470-D64885461741}.Debug|Any CPU.ActiveCfg = Debug|Any CPU
		{2C7D7FDF-E317-4CE5-B470-D64885461741}.Debug|Any CPU.Build.0 = Debug|Any CPU
		{2C7D7FDF-E317-4CE5-B470-D64885461741}.Release|Any CPU.ActiveCfg = Release|Any CPU
		{2C7D7FDF-E317-4CE5-B470-D64885461741}.Release|Any CPU.Build.0 = Release|Any CPU
	EndGlobalSection
	GlobalSection(SolutionProperties) = preSolution
		HideSolutionNode = FALSE
	EndGlobalSection
	GlobalSection(NestedProjects) = preSolution
		{CD942E16-41EC-4DCE-80AF-FD5B02686856} = {39404839-2455-4F8D-9C40-F8C9833321BD}
		{EF9BB010-510B-4B1D-980B-09200070144E} = {39404839-2455-4F8D-9C40-F8C9833321BD}
		{8BE945DF-726A-4198-BC6E-FB0130D0DF86} = {39404839-2455-4F8D-9C40-F8C9833321BD}
		{2C7D7FDF-E317-4CE5-B470-D64885461741} = {39404839-2455-4F8D-9C40-F8C9833321BD}
	EndGlobalSection
EndGlobal
